<?xml version="1.0" encoding="utf-8"?>
<Project ToolsVersion="4.0" xmlns="http://schemas.microsoft.com/developer/msbuild/2003">
  <ItemGroup>
    <Filter Include="Source Files">
      <UniqueIdentifier>{4FC737F1-C7A5-4376-A066-2A32D752A2FF}</UniqueIdentifier>
      <Extensions>cpp;c;cc;cxx;def;odl;idl;hpj;bat;asm;asmx</Extensions>
    </Filter>
    <Filter Include="Header Files">
      <UniqueIdentifier>{93995380-89BD-4b04-88EB-625FBE52EBFB}</UniqueIdentifier>
      <Extensions>h;hh;hpp;hxx;hm;inl;inc;xsd</Extensions>
    </Filter>
    <Filter Include="Resource Files">
      <UniqueIdentifier>{67DA6AB6-F800-4c08-8B7A-83BB121AAD01}</UniqueIdentifier>
      <Extensions>rc;ico;cur;bmp;dlg;rc2;rct;bin;rgs;gif;jpg;jpeg;jpe;resx;tiff;tif;png;wav;mfcribbon-ms</Extensions>
    </Filter>
  </ItemGroup>
  <ItemGroup>
    <ClCompile Include="main.cpp">
      <Filter>Source Files</Filter>
    </ClCompile>
    <ClCompile Include="g711.c">
      <Filter>Source Files</Filter>
    </ClCompile>
    <ClCompile Include="AudioCapture.cpp">
      <Filter>Source Files</Filter>
    </ClCompile>
    <ClCompile Include="AudioTape.cpp">
      <Filter>Source Files</Filter>
    </ClCompile>
    <ClCompile Include="BatchProcessing.cpp">
      <Filter>Source Files</Filter>
    </ClCompile>
    <ClCompile Include="CapturePluginProxy.cpp">
      <Filter>Source Files</Filter>
    </ClCompile>
    <ClCompile Include="CapturePort.cpp">
      <Filter>Source Files</Filter>
    </ClCompile>
    <ClCompile Include="CommandProcessing.cpp">
      <Filter>Source Files</Filter>
    </ClCompile>
    <ClCompile Include="Config.cpp">
      <Filter>Source Files</Filter>
    </ClCompile>
    <ClCompile Include="ConfigManager.cpp">
      <Filter>Source Files</Filter>
    </ClCompile>
    <ClCompile Include="DirectionSelector.cpp">
      <Filter>Source Files</Filter>
    </ClCompile>
    <ClCompile Include="EventStreaming.cpp">
      <Filter>Source Files</Filter>
    </ClCompile>
    <ClCompile Include="Filter.cpp">
      <Filter>Source Files</Filter>
    </ClCompile>
    <ClCompile Include="ImmediateProcessing.cpp">
      <Filter>Source Files</Filter>
    </ClCompile>
    <ClCompile Include="LogManager.cpp">
      <Filter>Source Files</Filter>
    </ClCompile>
    <ClCompile Include="MemUtils.cpp">
      <Filter>Source Files</Filter>
    </ClCompile>
    <ClCompile Include="MultiThreadedServer.cpp">
      <Filter>Source Files</Filter>
    </ClCompile>
    <ClCompile Include="Object.cpp">
      <Filter>Source Files</Filter>
    </ClCompile>
    <ClCompile Include="ObjectFactory.cpp">
      <Filter>Source Files</Filter>
    </ClCompile>
    <ClCompile Include="OrkBase.cpp">
      <Filter>Source Files</Filter>
    </ClCompile>
    <ClCompile Include="OrkClient.cpp">
      <Filter>Source Files</Filter>
    </ClCompile>
    <ClCompile Include="OrkTrack.cpp">
      <Filter>Source Files</Filter>
    </ClCompile>
    <ClCompile Include="PartyFilter.cpp">
      <Filter>Source Files</Filter>
    </ClCompile>
    <ClCompile Include="Reporting.cpp">
      <Filter>Source Files</Filter>
    </ClCompile>
    <ClCompile Include="SizedBuffer.cpp">
      <Filter>Source Files</Filter>
    </ClCompile>
    <ClCompile Include="SocketStreamer.cpp">
      <Filter>Source Files</Filter>
    </ClCompile>
    <ClCompile Include="TapeFileNaming.cpp">
      <Filter>Source Files</Filter>
    </ClCompile>
    <ClCompile Include="TapeProcessor.cpp">
      <Filter>Source Files</Filter>
    </ClCompile>
    <ClCompile Include="Utils.cpp">
      <Filter>Source Files</Filter>
    </ClCompile>
    <ClCompile Include="Daemon.cpp">
      <Filter>Source Files</Filter>
    </ClCompile>
    <ClCompile Include="audiofile\AudioFile.cpp">
      <Filter>Source Files</Filter>
    </ClCompile>
    <ClCompile Include="audiofile\LibSndFileFile.cpp">
      <Filter>Source Files</Filter>
    </ClCompile>
    <ClCompile Include="audiofile\MediaChunkFile.cpp">
      <Filter>Source Files</Filter>
    </ClCompile>
    <ClCompile Include="audiofile\PcmFile.cpp">
      <Filter>Source Files</Filter>
    </ClCompile>
    <ClCompile Include="filters\audiogain\AudioGain.cpp">
      <Filter>Source Files</Filter>
    </ClCompile>
    <ClCompile Include="filters\g722codec\G722Codec.cpp">
      <Filter>Source Files</Filter>
    </ClCompile>
    <ClCompile Include="filters\g726codecs\g72x\g72x.c">
      <Filter>Source Files</Filter>
    </ClCompile>
    <ClCompile Include="filters\g726codecs\g72x\g721.c">
      <Filter>Source Files</Filter>
    </ClCompile>
    <ClCompile Include="filters\g726codecs\g72x\g723_24.c">
      <Filter>Source Files</Filter>
    </ClCompile>
    <ClCompile Include="filters\g726codecs\g72x\g723_40.c">
      <Filter>Source Files</Filter>
    </ClCompile>
    <ClCompile Include="filters\g726codecs\G721Codec.cpp">
      <Filter>Source Files</Filter>
    </ClCompile>
    <ClCompile Include="filters\gsm\gsm610\add.c">
      <Filter>Source Files</Filter>
    </ClCompile>
    <ClCompile Include="filters\gsm\gsm610\code.c">
      <Filter>Source Files</Filter>
    </ClCompile>
    <ClCompile Include="filters\gsm\gsm610\decode.c">
      <Filter>Source Files</Filter>
    </ClCompile>
    <ClCompile Include="filters\gsm\gsm610\gsm_create.c">
      <Filter>Source Files</Filter>
    </ClCompile>
    <ClCompile Include="filters\gsm\gsm610\gsm_decode.c">
      <Filter>Source Files</Filter>
    </ClCompile>
    <ClCompile Include="filters\gsm\gsm610\gsm_destroy.c">
      <Filter>Source Files</Filter>
    </ClCompile>
    <ClCompile Include="filters\gsm\gsm610\gsm_encode.c">
      <Filter>Source Files</Filter>
    </ClCompile>
    <ClCompile Include="filters\gsm\gsm610\gsm_option.c">
      <Filter>Source Files</Filter>
    </ClCompile>
    <ClCompile Include="filters\gsm\gsm610\long_term.c">
      <Filter>Source Files</Filter>
    </ClCompile>
    <ClCompile Include="filters\gsm\gsm610\lpc.c">
      <Filter>Source Files</Filter>
    </ClCompile>
    <ClCompile Include="filters\gsm\gsm610\preprocess.c">
      <Filter>Source Files</Filter>
    </ClCompile>
    <ClCompile Include="filters\gsm\gsm610\rpe.c">
      <Filter>Source Files</Filter>
    </ClCompile>
    <ClCompile Include="filters\gsm\gsm610\short_term.c">
      <Filter>Source Files</Filter>
    </ClCompile>
    <ClCompile Include="filters\gsm\gsm610\table.c">
      <Filter>Source Files</Filter>
    </ClCompile>
    <ClCompile Include="filters\gsm\GsmFilters.cpp">
      <Filter>Source Files</Filter>
    </ClCompile>
    <ClCompile Include="filters\ilbc\ilbc\anaFilter.c">
      <Filter>Source Files</Filter>
    </ClCompile>
    <ClCompile Include="filters\ilbc\ilbc\constants.c">
      <Filter>Source Files</Filter>
    </ClCompile>
    <ClCompile Include="filters\ilbc\ilbc\createCB.c">
      <Filter>Source Files</Filter>
    </ClCompile>
    <ClCompile Include="filters\ilbc\ilbc\doCPLC.c">
      <Filter>Source Files</Filter>
    </ClCompile>
    <ClCompile Include="filters\ilbc\ilbc\enhancer.c">
      <Filter>Source Files</Filter>
    </ClCompile>
    <ClCompile Include="filters\ilbc\ilbc\FrameClassify.c">
      <Filter>Source Files</Filter>
    </ClCompile>
    <ClCompile Include="filters\ilbc\ilbc\gainquant.c">
      <Filter>Source Files</Filter>
    </ClCompile>
    <ClCompile Include="filters\ilbc\ilbc\getCBvec.c">
      <Filter>Source Files</Filter>
    </ClCompile>
    <ClCompile Include="filters\ilbc\ilbc\helpfun.c">
      <Filter>Source Files</Filter>
    </ClCompile>
    <ClCompile Include="filters\ilbc\ilbc\hpInput.c">
      <Filter>Source Files</Filter>
    </ClCompile>
    <ClCompile Include="filters\ilbc\ilbc\hpOutput.c">
      <Filter>Source Files</Filter>
    </ClCompile>
    <ClCompile Include="filters\ilbc\ilbc\iCBConstruct.c">
      <Filter>Source Files</Filter>
    </ClCompile>
    <ClCompile Include="filters\ilbc\ilbc\iCBSearch.c">
      <Filter>Source Files</Filter>
    </ClCompile>
    <ClCompile Include="filters\ilbc\ilbc\iLBC_decode.c">
      <Filter>Source Files</Filter>
    </ClCompile>
    <ClCompile Include="filters\ilbc\ilbc\iLBC_encode.c">
      <Filter>Source Files</Filter>
    </ClCompile>
    <ClCompile Include="filters\ilbc\ilbc\iLBC_filter.c">
      <Filter>Source Files</Filter>
    </ClCompile>
    <ClCompile Include="filters\ilbc\ilbc\LPCdecode.c">
      <Filter>Source Files</Filter>
    </ClCompile>
    <ClCompile Include="filters\ilbc\ilbc\LPCencode.c">
      <Filter>Source Files</Filter>
    </ClCompile>
    <ClCompile Include="filters\ilbc\ilbc\lsf.c">
      <Filter>Source Files</Filter>
    </ClCompile>
    <ClCompile Include="filters\ilbc\ilbc\packing.c">
      <Filter>Source Files</Filter>
    </ClCompile>
    <ClCompile Include="filters\ilbc\ilbc\StateConstructW.c">
      <Filter>Source Files</Filter>
    </ClCompile>
    <ClCompile Include="filters\ilbc\ilbc\StateSearchW.c">
      <Filter>Source Files</Filter>
    </ClCompile>
    <ClCompile Include="filters\ilbc\ilbc\syntFilter.c">
      <Filter>Source Files</Filter>
    </ClCompile>
    <ClCompile Include="filters\ilbc\IlbcFilters.cpp">
      <Filter>Source Files</Filter>
    </ClCompile>
    <ClCompile Include="filters\speex\SpeexCodec.cpp">
      <Filter>Source Files</Filter>
    </ClCompile>
    <ClCompile Include="messages\AddTagMsg.cpp">
      <Filter>Source Files</Filter>
    </ClCompile>
    <ClCompile Include="messages\AsyncMessage.cpp">
      <Filter>Source Files</Filter>
    </ClCompile>
    <ClCompile Include="messages\CaptureMsg.cpp">
      <Filter>Source Files</Filter>
    </ClCompile>
    <ClCompile Include="messages\CrashMessage.cpp">
      <Filter>Source Files</Filter>
    </ClCompile>
    <ClCompile Include="messages\DeleteTapeMsg.cpp">
      <Filter>Source Files</Filter>
    </ClCompile>
    <ClCompile Include="messages\InitMsg.cpp">
      <Filter>Source Files</Filter>
    </ClCompile>
    <ClCompile Include="messages\Message.cpp">
      <Filter>Source Files</Filter>
    </ClCompile>
    <ClCompile Include="messages\PingMsg.cpp">
      <Filter>Source Files</Filter>
    </ClCompile>
    <ClCompile Include="messages\ReadLoggingPropertiesMsg.cpp">
      <Filter>Source Files</Filter>
    </ClCompile>
    <ClCompile Include="messages\RecordMsg.cpp">
      <Filter>Source Files</Filter>
    </ClCompile>
    <ClCompile Include="messages\SyncMessage.cpp">
      <Filter>Source Files</Filter>
    </ClCompile>
    <ClCompile Include="messages\TapeMsg.cpp">
      <Filter>Source Files</Filter>
    </ClCompile>
    <ClCompile Include="messages\TestMsg.cpp">
      <Filter>Source Files</Filter>
    </ClCompile>
    <ClCompile Include="serializers\DomSerializer.cpp">
      <Filter>Source Files</Filter>
    </ClCompile>
    <ClCompile Include="serializers\Serializer.cpp">
      <Filter>Source Files</Filter>
    </ClCompile>
    <ClCompile Include="serializers\SingleLineSerializer.cpp">
      <Filter>Source Files</Filter>
    </ClCompile>
    <ClCompile Include="serializers\UrlSerializer.cpp">
      <Filter>Source Files</Filter>
    </ClCompile>
    <ClCompile Include="serializers\XmlRpcSerializer.cpp">
      <Filter>Source Files</Filter>
    </ClCompile>
    <ClCompile Include="markUp\Markup.cpp">
      <Filter>Source Files</Filter>
    </ClCompile>
    <ClCompile Include="VoipConfig.cpp">
      <Filter>Source Files</Filter>
    </ClCompile>
  </ItemGroup>
  <ItemGroup>
    <ClInclude Include="AudioCapture.h">
      <Filter>Header Files</Filter>
    </ClInclude>
    <ClInclude Include="AudioCapturePlugin.h">
      <Filter>Header Files</Filter>
    </ClInclude>
    <ClInclude Include="AudioTape.h">
      <Filter>Header Files</Filter>
    </ClInclude>
    <ClInclude Include="BatchProcessing.h">
      <Filter>Header Files</Filter>
    </ClInclude>
    <ClInclude Include="CapturePluginProxy.h">
      <Filter>Header Files</Filter>
    </ClInclude>
    <ClInclude Include="CapturePort.h">
      <Filter>Header Files</Filter>
    </ClInclude>
    <ClInclude Include="CommandProcessing.h">
      <Filter>Header Files</Filter>
    </ClInclude>
    <ClInclude Include="Config.h">
      <Filter>Header Files</Filter>
    </ClInclude>
    <ClInclude Include="ConfigManager.h">
      <Filter>Header Files</Filter>
    </ClInclude>
    <ClInclude Include="DirectionSelector.h">
      <Filter>Header Files</Filter>
    </ClInclude>
    <ClInclude Include="dll.h">
      <Filter>Header Files</Filter>
    </ClInclude>
    <ClInclude Include="EventStreaming.h">
      <Filter>Header Files</Filter>
    </ClInclude>
    <ClInclude Include="Filter.h">
      <Filter>Header Files</Filter>
    </ClInclude>
    <ClInclude Include="g711.h">
      <Filter>Header Files</Filter>
    </ClInclude>
    <ClInclude Include="ImmediateProcessing.h">
      <Filter>Header Files</Filter>
    </ClInclude>
    <ClInclude Include="LogManager.h">
      <Filter>Header Files</Filter>
    </ClInclude>
    <ClInclude Include="MemUtils.h">
      <Filter>Header Files</Filter>
    </ClInclude>
    <ClInclude Include="MultiThreadedServer.h">
      <Filter>Header Files</Filter>
    </ClInclude>
    <ClInclude Include="Object.h">
      <Filter>Header Files</Filter>
    </ClInclude>
    <ClInclude Include="ObjectFactory.h">
      <Filter>Header Files</Filter>
    </ClInclude>
    <ClInclude Include="OrkBase.h">
      <Filter>Header Files</Filter>
    </ClInclude>
    <ClInclude Include="OrkClient.h">
      <Filter>Header Files</Filter>
    </ClInclude>
    <ClInclude Include="OrkTrack.h">
      <Filter>Header Files</Filter>
    </ClInclude>
    <ClInclude Include="PartyFilter.h">
      <Filter>Header Files</Filter>
    </ClInclude>
    <ClInclude Include="Reporting.h">
      <Filter>Header Files</Filter>
    </ClInclude>
    <ClInclude Include="shared_ptr.h">
      <Filter>Header Files</Filter>
    </ClInclude>
    <ClInclude Include="SizedBuffer.h">
      <Filter>Header Files</Filter>
    </ClInclude>
    <ClInclude Include="SocketStreamer.h">
      <Filter>Header Files</Filter>
    </ClInclude>
    <ClInclude Include="StdString.h">
      <Filter>Header Files</Filter>
    </ClInclude>
    <ClInclude Include="TapeFileNaming.h">
      <Filter>Header Files</Filter>
    </ClInclude>
    <ClInclude Include="TapeProcessor.h">
      <Filter>Header Files</Filter>
    </ClInclude>
    <ClInclude Include="ThreadSafeQueue.h">
      <Filter>Header Files</Filter>
    </ClInclude>
    <ClInclude Include="Utils.h">
      <Filter>Header Files</Filter>
    </ClInclude>
    <ClInclude Include="Daemon.h">
      <Filter>Header Files</Filter>
    </ClInclude>
    <ClInclude Include="audiofile\AudioFile.h">
      <Filter>Header Files</Filter>
    </ClInclude>
    <ClInclude Include="audiofile\LibSndFileFile.h">
      <Filter>Header Files</Filter>
    </ClInclude>
    <ClInclude Include="audiofile\MediaChunkFile.h">
      <Filter>Header Files</Filter>
    </ClInclude>
    <ClInclude Include="audiofile\PcmFile.h">
      <Filter>Header Files</Filter>
    </ClInclude>
    <ClInclude Include="filters\audiogain\AudioGain.h">
      <Filter>Header Files</Filter>
    </ClInclude>
    <ClInclude Include="filters\g722codec\G722.h">
      <Filter>Header Files</Filter>
    </ClInclude>
    <ClInclude Include="filters\g722codec\G722Codec.h">
      <Filter>Header Files</Filter>
    </ClInclude>
    <ClInclude Include="filters\g726codecs\g72x\g72x.h">
      <Filter>Header Files</Filter>
    </ClInclude>
    <ClInclude Include="filters\g726codecs\G721Codec.h">
      <Filter>Header Files</Filter>
    </ClInclude>
    <ClInclude Include="filters\gsm\gsm610\config.h">
      <Filter>Header Files</Filter>
    </ClInclude>
    <ClInclude Include="filters\gsm\gsm610\gsm.h">
      <Filter>Header Files</Filter>
    </ClInclude>
    <ClInclude Include="filters\gsm\gsm610\gsm610_priv.h">
      <Filter>Header Files</Filter>
    </ClInclude>
    <ClInclude Include="filters\gsm\GsmFilters.h">
      <Filter>Header Files</Filter>
    </ClInclude>
    <ClInclude Include="filters\ilbc\ilbc\anaFilter.h">
      <Filter>Header Files</Filter>
    </ClInclude>
    <ClInclude Include="filters\ilbc\ilbc\constants.h">
      <Filter>Header Files</Filter>
    </ClInclude>
    <ClInclude Include="filters\ilbc\ilbc\createCB.h">
      <Filter>Header Files</Filter>
    </ClInclude>
    <ClInclude Include="filters\ilbc\ilbc\doCPLC.h">
      <Filter>Header Files</Filter>
    </ClInclude>
    <ClInclude Include="filters\ilbc\ilbc\enhancer.h">
      <Filter>Header Files</Filter>
    </ClInclude>
    <ClInclude Include="filters\ilbc\ilbc\filter.h">
      <Filter>Header Files</Filter>
    </ClInclude>
    <ClInclude Include="filters\ilbc\ilbc\FrameClassify.h">
      <Filter>Header Files</Filter>
    </ClInclude>
    <ClInclude Include="filters\ilbc\ilbc\gainquant.h">
      <Filter>Header Files</Filter>
    </ClInclude>
    <ClInclude Include="filters\ilbc\ilbc\getCBvec.h">
      <Filter>Header Files</Filter>
    </ClInclude>
    <ClInclude Include="filters\ilbc\ilbc\helpfun.h">
      <Filter>Header Files</Filter>
    </ClInclude>
    <ClInclude Include="filters\ilbc\ilbc\hpInput.h">
      <Filter>Header Files</Filter>
    </ClInclude>
    <ClInclude Include="filters\ilbc\ilbc\hpOutput.h">
      <Filter>Header Files</Filter>
    </ClInclude>
    <ClInclude Include="filters\ilbc\ilbc\iCBConstruct.h">
      <Filter>Header Files</Filter>
    </ClInclude>
    <ClInclude Include="filters\ilbc\ilbc\iCBSearch.h">
      <Filter>Header Files</Filter>
    </ClInclude>
    <ClInclude Include="filters\ilbc\ilbc\iLBC_decode.h">
      <Filter>Header Files</Filter>
    </ClInclude>
    <ClInclude Include="filters\ilbc\ilbc\iLBC_define.h">
      <Filter>Header Files</Filter>
    </ClInclude>
    <ClInclude Include="filters\ilbc\ilbc\iLBC_encode.h">
      <Filter>Header Files</Filter>
    </ClInclude>
    <ClInclude Include="filters\ilbc\ilbc\LPCdecode.h">
      <Filter>Header Files</Filter>
    </ClInclude>
    <ClInclude Include="filters\ilbc\ilbc\LPCencode.h">
      <Filter>Header Files</Filter>
    </ClInclude>
    <ClInclude Include="filters\ilbc\ilbc\lsf.h">
      <Filter>Header Files</Filter>
    </ClInclude>
    <ClInclude Include="filters\ilbc\ilbc\packing.h">
      <Filter>Header Files</Filter>
    </ClInclude>
    <ClInclude Include="filters\ilbc\ilbc\StateConstructW.h">
      <Filter>Header Files</Filter>
    </ClInclude>
    <ClInclude Include="filters\ilbc\ilbc\StateSearchW.h">
      <Filter>Header Files</Filter>
    </ClInclude>
    <ClInclude Include="filters\ilbc\ilbc\syntFilter.h">
      <Filter>Header Files</Filter>
    </ClInclude>
    <ClInclude Include="filters\ilbc\IlbcFilters.h">
      <Filter>Header Files</Filter>
    </ClInclude>
    <ClInclude Include="filters\speex\SpeexCodec.h">
      <Filter>Header Files</Filter>
    </ClInclude>
    <ClInclude Include="messages\AddTagMsg.h">
      <Filter>Header Files</Filter>
    </ClInclude>
    <ClInclude Include="messages\AsyncMessage.h">
      <Filter>Header Files</Filter>
    </ClInclude>
    <ClInclude Include="messages\CaptureMsg.h">
      <Filter>Header Files</Filter>
    </ClInclude>
    <ClInclude Include="messages\CrashMessage.h">
      <Filter>Header Files</Filter>
    </ClInclude>
    <ClInclude Include="messages\DeleteTapeMsg.h">
      <Filter>Header Files</Filter>
    </ClInclude>
    <ClInclude Include="messages\InitMsg.h">
      <Filter>Header Files</Filter>
    </ClInclude>
    <ClInclude Include="messages\Message.h">
      <Filter>Header Files</Filter>
    </ClInclude>
    <ClInclude Include="messages\PingMsg.h">
      <Filter>Header Files</Filter>
    </ClInclude>
    <ClInclude Include="messages\ReadLoggingPropertiesMsg.h">
      <Filter>Header Files</Filter>
    </ClInclude>
    <ClInclude Include="messages\RecordMsg.h">
      <Filter>Header Files</Filter>
    </ClInclude>
    <ClInclude Include="messages\SyncMessage.h">
      <Filter>Header Files</Filter>
    </ClInclude>
    <ClInclude Include="messages\TapeMsg.h">
      <Filter>Header Files</Filter>
    </ClInclude>
    <ClInclude Include="messages\TestMsg.h">
      <Filter>Header Files</Filter>
    </ClInclude>
    <ClInclude Include="serializers\DomSerializer.h">
      <Filter>Header Files</Filter>
    </ClInclude>
    <ClInclude Include="serializers\Serializer.h">
      <Filter>Header Files</Filter>
    </ClInclude>
    <ClInclude Include="serializers\SingleLineSerializer.h">
      <Filter>Header Files</Filter>
    </ClInclude>
    <ClInclude Include="serializers\UrlSerializer.h">
      <Filter>Header Files</Filter>
    </ClInclude>
    <ClInclude Include="serializers\XmlRpcSerializer.h">
      <Filter>Header Files</Filter>
    </ClInclude>
    <ClInclude Include="markUp\Markup.h">
      <Filter>Header Files</Filter>
    </ClInclude>
    <ClInclude Include="VoipConfig.h">
      <Filter>Header Files</Filter>
    </ClInclude>
  </ItemGroup>
</Project>